
Microsoft Visual Studio Solution File, Format Version 12.00
# Visual Studio Version 17
VisualStudioVersion = 17.1.32210.238
MinimumVisualStudioVersion = 10.0.40219.1
Project("{FAE04EC0-301F-11D3-BF4B-00C04F79EFBC}") = "StatkiWF", "StatkiWF.csproj", "{54D5E110-A781-4EB2-80EC-C309DE961ADA}"
EndProject
Global
	GlobalSection(SolutionConfigurationPlatforms) = preSolution
		Debug|Any CPU = Debug|Any CPU
		Release|Any CPU = Release|Any CPU
	EndGlobalSection
	GlobalSection(ProjectConfigurationPlatforms) = postSolution
		{54D5E110-A781-4EB2-80EC-C309DE961ADA}.Debug|Any CPU.ActiveCfg = Debug|Any CPU
		{54D5E110-A781-4EB2-80EC-C309DE961ADA}.Debug|Any CPU.Build.0 = Debug|Any CPU
		{54D5E110-A781-4EB2-80EC-C309DE961ADA}.Release|Any CPU.ActiveCfg = Release|Any CPU
		{54D5E110-A781-4EB2-80EC-C309DE961ADA}.Release|Any CPU.Build.0 = Release|Any CPU
	EndGlobalSection
	GlobalSection(SolutionProperties) = preSolution
		HideSolutionNode = FALSE
	EndGlobalSection
	GlobalSection(ExtensibilityGlobals) = postSolution
		SolutionGuid = {1989B9F6-FC97-4356-BFF1-35C9E1AA8C8B}
	EndGlobalSection
EndGlobal
